
Microsoft Visual Studio Solution File, Format Version 12.00
# Visual Studio Version 17
VisualStudioVersion = 17.3.32929.385
MinimumVisualStudioVersion = 10.0.40219.1
Project("{FAE04EC0-301F-11D3-BF4B-00C04F79EFBC}") = "Knack Sales Portal", "Knack Sales Portal\Knack Sales Portal.csproj", "{B91E8F7C-1498-4EAE-B5D1-B74122A7EC77}"
EndProject
Global
	GlobalSection(SolutionConfigurationPlatforms) = preSolution
		Debug|Any CPU = Debug|Any CPU
		Release|Any CPU = Release|Any CPU
	EndGlobalSection
	GlobalSection(ProjectConfigurationPlatforms) = postSolution
		{B91E8F7C-1498-4EAE-B5D1-B74122A7EC77}.Debug|Any CPU.ActiveCfg = Debug|Any CPU
		{B91E8F7C-1498-4EAE-B5D1-B74122A7EC77}.Debug|Any CPU.Build.0 = Debug|Any CPU
		{B91E8F7C-1498-4EAE-B5D1-B74122A7EC77}.Release|Any CPU.ActiveCfg = Release|Any CPU
		{B91E8F7C-1498-4EAE-B5D1-B74122A7EC77}.Release|Any CPU.Build.0 = Release|Any CPU
	EndGlobalSection
	GlobalSection(SolutionProperties) = preSolution
		HideSolutionNode = FALSE
	EndGlobalSection
	GlobalSection(ExtensibilityGlobals) = postSolution
		SolutionGuid = {0B7CFBDE-4929-4DC1-A4E9-14BBF9E94D69}
	EndGlobalSection
EndGlobal
